
Microsoft Visual Studio Solution File, Format Version 12.00
# Visual Studio 15
VisualStudioVersion = 15.0.28307.1340
MinimumVisualStudioVersion = 10.0.40219.1
Project("{9A19103F-16F7-4668-BE54-9A1E7A4F7556}") = "PaymentAPI", "PaymentAPI\PaymentAPI.csproj", "{D3BA2152-B0E9-4697-A4F6-21A159B20FEB}"
EndProject
Project("{FAE04EC0-301F-11D3-BF4B-00C04F79EFBC}") = "PremiumPaymentService", "PremiumPaymentService\PremiumPaymentService.csproj", "{A71E8810-74EE-44AB-902B-3AE83F33428A}"
EndProject
Global
	GlobalSection(SolutionConfigurationPlatforms) = preSolution
		Debug|Any CPU = Debug|Any CPU
		Release|Any CPU = Release|Any CPU
	EndGlobalSection
	GlobalSection(ProjectConfigurationPlatforms) = postSolution
		{D3BA2152-B0E9-4697-A4F6-21A159B20FEB}.Debug|Any CPU.ActiveCfg = Debug|Any CPU
		{D3BA2152-B0E9-4697-A4F6-21A159B20FEB}.Debug|Any CPU.Build.0 = Debug|Any CPU
		{D3BA2152-B0E9-4697-A4F6-21A159B20FEB}.Release|Any CPU.ActiveCfg = Release|Any CPU
		{D3BA2152-B0E9-4697-A4F6-21A159B20FEB}.Release|Any CPU.Build.0 = Release|Any CPU
		{A71E8810-74EE-44AB-902B-3AE83F33428A}.Debug|Any CPU.ActiveCfg = Debug|Any CPU
		{A71E8810-74EE-44AB-902B-3AE83F33428A}.Debug|Any CPU.Build.0 = Debug|Any CPU
		{A71E8810-74EE-44AB-902B-3AE83F33428A}.Release|Any CPU.ActiveCfg = Release|Any CPU
		{A71E8810-74EE-44AB-902B-3AE83F33428A}.Release|Any CPU.Build.0 = Release|Any CPU
	EndGlobalSection
	GlobalSection(SolutionProperties) = preSolution
		HideSolutionNode = FALSE
	EndGlobalSection
	GlobalSection(ExtensibilityGlobals) = postSolution
		SolutionGuid = {514C9422-551B-4A80-880A-518B63DA0442}
	EndGlobalSection
EndGlobal
